PODS:
  - AsyncDisplayKit (1.0beta):
    - AsyncDisplayKit/ASDealloc2MainObject
  - AsyncDisplayKit/ASDealloc2MainObject (1.0beta)

DEPENDENCIES:
  - AsyncDisplayKit (from `git@github.com:facebook/AsyncDisplayKit.git`)

EXTERNAL SOURCES:
  AsyncDisplayKit:
    :git: git@github.com:facebook/AsyncDisplayKit.git

SPEC CHECKSUMS:
  AsyncDisplayKit: 682a9cbac1a55cb3fd391e68043e80b17f48310f

COCOAPODS: 0.33.1
