PODS:
  - AsyncDisplayKit (1.0beta):
    - AsyncDisplayKit/no-arc
  - AsyncDisplayKit/no-arc (1.0beta)

DEPENDENCIES:
  - AsyncDisplayKit (from `https://github.com/facebook/AsyncDisplayKit.git`)

EXTERNAL SOURCES:
  AsyncDisplayKit:
    :git: https://github.com/facebook/AsyncDisplayKit.git

SPEC CHECKSUMS:
  AsyncDisplayKit: c8f9506ec467f7562210fc58cefd41ed49dfc8c8

COCOAPODS: 0.33.1
